
Microsoft Visual Studio Solution File, Format Version 12.00
# Visual Studio Version 17
VisualStudioVersion = 17.1.32228.430
MinimumVisualStudioVersion = 10.0.40219.1
Project("{FAE04EC0-301F-11D3-BF4B-00C04F79EFBC}") = "Entities", "Entities\Entities.csproj", "{F83688A0-D345-4BEE-B5E0-01916D024E69}"
EndProject
Project("{FAE04EC0-301F-11D3-BF4B-00C04F79EFBC}") = "DataAccess", "DataAccess\DataAccess.csproj", "{F3745F1E-542F-421A-8DD8-08F29682CEE4}"
EndProject
Project("{FAE04EC0-301F-11D3-BF4B-00C04F79EFBC}") = "Business", "Business\Business.csproj", "{9C18F05D-57DE-4546-9C77-137C81C73345}"
EndProject
Project("{FAE04EC0-301F-11D3-BF4B-00C04F79EFBC}") = "WebAPI", "WebAPI\WebAPI.csproj", "{6AF8AEA5-A5AC-4178-B38E-0DEE4ACD4DFA}"
EndProject
Project("{FAE04EC0-301F-11D3-BF4B-00C04F79EFBC}") = "Core", "Core\Core.csproj", "{21E947A2-0CA1-453C-A654-423593AF2B6D}"
EndProject
Global
	GlobalSection(SolutionConfigurationPlatforms) = preSolution
		Debug|Any CPU = Debug|Any CPU
		Release|Any CPU = Release|Any CPU
	EndGlobalSection
	GlobalSection(ProjectConfigurationPlatforms) = postSolution
		{F83688A0-D345-4BEE-B5E0-01916D024E69}.Debug|Any CPU.ActiveCfg = Debug|Any CPU
		{F83688A0-D345-4BEE-B5E0-01916D024E69}.Debug|Any CPU.Build.0 = Debug|Any CPU
		{F83688A0-D345-4BEE-B5E0-01916D024E69}.Release|Any CPU.ActiveCfg = Release|Any CPU
		{F83688A0-D345-4BEE-B5E0-01916D024E69}.Release|Any CPU.Build.0 = Release|Any CPU
		{F3745F1E-542F-421A-8DD8-08F29682CEE4}.Debug|Any CPU.ActiveCfg = Debug|Any CPU
		{F3745F1E-542F-421A-8DD8-08F29682CEE4}.Debug|Any CPU.Build.0 = Debug|Any CPU
		{F3745F1E-542F-421A-8DD8-08F29682CEE4}.Release|Any CPU.ActiveCfg = Release|Any CPU
		{F3745F1E-542F-421A-8DD8-08F29682CEE4}.Release|Any CPU.Build.0 = Release|Any CPU
		{9C18F05D-57DE-4546-9C77-137C81C73345}.Debug|Any CPU.ActiveCfg = Debug|Any CPU
		{9C18F05D-57DE-4546-9C77-137C81C73345}.Debug|Any CPU.Build.0 = Debug|Any CPU
		{9C18F05D-57DE-4546-9C77-137C81C73345}.Release|Any CPU.ActiveCfg = Release|Any CPU
		{9C18F05D-57DE-4546-9C77-137C81C73345}.Release|Any CPU.Build.0 = Release|Any CPU
		{6AF8AEA5-A5AC-4178-B38E-0DEE4ACD4DFA}.Debug|Any CPU.ActiveCfg = Debug|Any CPU
		{6AF8AEA5-A5AC-4178-B38E-0DEE4ACD4DFA}.Debug|Any CPU.Build.0 = Debug|Any CPU
		{6AF8AEA5-A5AC-4178-B38E-0DEE4ACD4DFA}.Release|Any CPU.ActiveCfg = Release|Any CPU
		{6AF8AEA5-A5AC-4178-B38E-0DEE4ACD4DFA}.Release|Any CPU.Build.0 = Release|Any CPU
		{21E947A2-0CA1-453C-A654-423593AF2B6D}.Debug|Any CPU.ActiveCfg = Debug|Any CPU
		{21E947A2-0CA1-453C-A654-423593AF2B6D}.Debug|Any CPU.Build.0 = Debug|Any CPU
		{21E947A2-0CA1-453C-A654-423593AF2B6D}.Release|Any CPU.ActiveCfg = Release|Any CPU
		{21E947A2-0CA1-453C-A654-423593AF2B6D}.Release|Any CPU.Build.0 = Release|Any CPU
	EndGlobalSection
	GlobalSection(SolutionProperties) = preSolution
		HideSolutionNode = FALSE
	EndGlobalSection
	GlobalSection(ExtensibilityGlobals) = postSolution
		SolutionGuid = {A3BBF103-F260-41BF-BDC6-068AF3C00127}
	EndGlobalSection
EndGlobal
